
Microsoft Visual Studio Solution File, Format Version 12.00
# Visual Studio Version 17
VisualStudioVersion = 17.5.33530.505
MinimumVisualStudioVersion = 10.0.40219.1
Project("{9A19103F-16F7-4668-BE54-9A1E7A4F7556}") = "Projeto.APP", "Projeto.APP\Projeto.APP.csproj", "{56E79322-303A-490F-8F93-9DA22444EF5A}"
EndProject
Project("{9A19103F-16F7-4668-BE54-9A1E7A4F7556}") = "Projeto.BLL", "Projeto.BLL\Projeto.BLL.csproj", "{DEAFFD6D-BBD2-4430-A05E-2D095AAC4D8F}"
EndProject
Project("{9A19103F-16F7-4668-BE54-9A1E7A4F7556}") = "Projeto.DAL", "Projeto.DAL\Projeto.DAL.csproj", "{C601D375-BD75-4715-BC04-04343B0F4F30}"
EndProject
Project("{9A19103F-16F7-4668-BE54-9A1E7A4F7556}") = "Projeto.MODEL", "Projeto.MODEL\Projeto.MODEL.csproj", "{55A332BF-334B-4FB3-A873-21385BF239CD}"
EndProject
Project("{FAE04EC0-301F-11D3-BF4B-00C04F79EFBC}") = "Projeto.CONSOLE", "Projeto.CONSOLE\Projeto.CONSOLE.csproj", "{78B27E15-B230-4D6F-AD8F-C4793158F7DA}"
EndProject
Global
	GlobalSection(SolutionConfigurationPlatforms) = preSolution
		Debug|Any CPU = Debug|Any CPU
		Release|Any CPU = Release|Any CPU
	EndGlobalSection
	GlobalSection(ProjectConfigurationPlatforms) = postSolution
		{56E79322-303A-490F-8F93-9DA22444EF5A}.Debug|Any CPU.ActiveCfg = Debug|Any CPU
		{56E79322-303A-490F-8F93-9DA22444EF5A}.Debug|Any CPU.Build.0 = Debug|Any CPU
		{56E79322-303A-490F-8F93-9DA22444EF5A}.Release|Any CPU.ActiveCfg = Release|Any CPU
		{56E79322-303A-490F-8F93-9DA22444EF5A}.Release|Any CPU.Build.0 = Release|Any CPU
		{DEAFFD6D-BBD2-4430-A05E-2D095AAC4D8F}.Debug|Any CPU.ActiveCfg = Debug|Any CPU
		{DEAFFD6D-BBD2-4430-A05E-2D095AAC4D8F}.Debug|Any CPU.Build.0 = Debug|Any CPU
		{DEAFFD6D-BBD2-4430-A05E-2D095AAC4D8F}.Release|Any CPU.ActiveCfg = Release|Any CPU
		{DEAFFD6D-BBD2-4430-A05E-2D095AAC4D8F}.Release|Any CPU.Build.0 = Release|Any CPU
		{C601D375-BD75-4715-BC04-04343B0F4F30}.Debug|Any CPU.ActiveCfg = Debug|Any CPU
		{C601D375-BD75-4715-BC04-04343B0F4F30}.Debug|Any CPU.Build.0 = Debug|Any CPU
		{C601D375-BD75-4715-BC04-04343B0F4F30}.Release|Any CPU.ActiveCfg = Release|Any CPU
		{C601D375-BD75-4715-BC04-04343B0F4F30}.Release|Any CPU.Build.0 = Release|Any CPU
		{55A332BF-334B-4FB3-A873-21385BF239CD}.Debug|Any CPU.ActiveCfg = Debug|Any CPU
		{55A332BF-334B-4FB3-A873-21385BF239CD}.Debug|Any CPU.Build.0 = Debug|Any CPU
		{55A332BF-334B-4FB3-A873-21385BF239CD}.Release|Any CPU.ActiveCfg = Release|Any CPU
		{55A332BF-334B-4FB3-A873-21385BF239CD}.Release|Any CPU.Build.0 = Release|Any CPU
		{78B27E15-B230-4D6F-AD8F-C4793158F7DA}.Debug|Any CPU.ActiveCfg = Debug|Any CPU
		{78B27E15-B230-4D6F-AD8F-C4793158F7DA}.Debug|Any CPU.Build.0 = Debug|Any CPU
		{78B27E15-B230-4D6F-AD8F-C4793158F7DA}.Release|Any CPU.ActiveCfg = Release|Any CPU
		{78B27E15-B230-4D6F-AD8F-C4793158F7DA}.Release|Any CPU.Build.0 = Release|Any CPU
	EndGlobalSection
	GlobalSection(SolutionProperties) = preSolution
		HideSolutionNode = FALSE
	EndGlobalSection
	GlobalSection(ExtensibilityGlobals) = postSolution
		SolutionGuid = {B6AA135D-B9E1-451D-BAF7-BC88486A7938}
	EndGlobalSection
EndGlobal
